
Microsoft Visual Studio Solution File, Format Version 12.00
Project("{FAE04EC0-301F-11D3-BF4B-00C04F79EFBC}") = "lesson5_2", "lesson5_2\lesson5_2.csproj", "{C723E05D-0DDB-4DC8-A96F-62AFF932DFBB}"
EndProject
Global
	GlobalSection(SolutionConfigurationPlatforms) = preSolution
		Debug|Any CPU = Debug|Any CPU
		Release|Any CPU = Release|Any CPU
	EndGlobalSection
	GlobalSection(ProjectConfigurationPlatforms) = postSolution
		{C723E05D-0DDB-4DC8-A96F-62AFF932DFBB}.Debug|Any CPU.ActiveCfg = Debug|Any CPU
		{C723E05D-0DDB-4DC8-A96F-62AFF932DFBB}.Debug|Any CPU.Build.0 = Debug|Any CPU
		{C723E05D-0DDB-4DC8-A96F-62AFF932DFBB}.Release|Any CPU.ActiveCfg = Release|Any CPU
		{C723E05D-0DDB-4DC8-A96F-62AFF932DFBB}.Release|Any CPU.Build.0 = Release|Any CPU
	EndGlobalSection
EndGlobal
