
Microsoft Visual Studio Solution File, Format Version 12.00
Project("{FAE04EC0-301F-11D3-BF4B-00C04F79EFBC}") = "bezier", "bezier\bezier.csproj", "{94E7B623-6D2D-4068-B892-A6B03BAB93EE}"
EndProject
Global
	GlobalSection(SolutionConfigurationPlatforms) = preSolution
		Debug|Any CPU = Debug|Any CPU
		Release|Any CPU = Release|Any CPU
	EndGlobalSection
	GlobalSection(ProjectConfigurationPlatforms) = postSolution
		{94E7B623-6D2D-4068-B892-A6B03BAB93EE}.Debug|Any CPU.ActiveCfg = Debug|Any CPU
		{94E7B623-6D2D-4068-B892-A6B03BAB93EE}.Debug|Any CPU.Build.0 = Debug|Any CPU
		{94E7B623-6D2D-4068-B892-A6B03BAB93EE}.Release|Any CPU.ActiveCfg = Release|Any CPU
		{94E7B623-6D2D-4068-B892-A6B03BAB93EE}.Release|Any CPU.Build.0 = Release|Any CPU
	EndGlobalSection
EndGlobal
