
Microsoft Visual Studio Solution File, Format Version 12.00
Project("{FAE04EC0-301F-11D3-BF4B-00C04F79EFBC}") = "WinFormsApp9", "WinFormsApp9\WinFormsApp9.csproj", "{CEC05590-0BFC-4BC5-AE70-E38C1AD2D08F}"
EndProject
Global
	GlobalSection(SolutionConfigurationPlatforms) = preSolution
		Debug|Any CPU = Debug|Any CPU
		Release|Any CPU = Release|Any CPU
	EndGlobalSection
	GlobalSection(ProjectConfigurationPlatforms) = postSolution
		{CEC05590-0BFC-4BC5-AE70-E38C1AD2D08F}.Debug|Any CPU.ActiveCfg = Debug|Any CPU
		{CEC05590-0BFC-4BC5-AE70-E38C1AD2D08F}.Debug|Any CPU.Build.0 = Debug|Any CPU
		{CEC05590-0BFC-4BC5-AE70-E38C1AD2D08F}.Release|Any CPU.ActiveCfg = Release|Any CPU
		{CEC05590-0BFC-4BC5-AE70-E38C1AD2D08F}.Release|Any CPU.Build.0 = Release|Any CPU
	EndGlobalSection
EndGlobal
