
Microsoft Visual Studio Solution File, Format Version 12.00
Project("{FAE04EC0-301F-11D3-BF4B-00C04F79EFBC}") = "WinFormsApp7", "WinFormsApp7\WinFormsApp7.csproj", "{62820E9E-6E8C-47EF-87BE-866A0FD5A861}"
EndProject
Global
	GlobalSection(SolutionConfigurationPlatforms) = preSolution
		Debug|Any CPU = Debug|Any CPU
		Release|Any CPU = Release|Any CPU
	EndGlobalSection
	GlobalSection(ProjectConfigurationPlatforms) = postSolution
		{62820E9E-6E8C-47EF-87BE-866A0FD5A861}.Debug|Any CPU.ActiveCfg = Debug|Any CPU
		{62820E9E-6E8C-47EF-87BE-866A0FD5A861}.Debug|Any CPU.Build.0 = Debug|Any CPU
		{62820E9E-6E8C-47EF-87BE-866A0FD5A861}.Release|Any CPU.ActiveCfg = Release|Any CPU
		{62820E9E-6E8C-47EF-87BE-866A0FD5A861}.Release|Any CPU.Build.0 = Release|Any CPU
	EndGlobalSection
EndGlobal
